
Microsoft Visual Studio Solution File, Format Version 12.00
# Visual Studio Version 16
VisualStudioVersion = 16.0.31910.168
MinimumVisualStudioVersion = 10.0.40219.1
Project("{FAE04EC0-301F-11D3-BF4B-00C04F79EFBC}") = "MinhaDemoMVC", "MinhaDemoMVC.csproj", "{616DC123-4BB6-4050-B83B-67805440ADB3}"
EndProject
Global
	GlobalSection(SolutionConfigurationPlatforms) = preSolution
		Debug|Any CPU = Debug|Any CPU
		Release|Any CPU = Release|Any CPU
	EndGlobalSection
	GlobalSection(ProjectConfigurationPlatforms) = postSolution
		{616DC123-4BB6-4050-B83B-67805440ADB3}.Debug|Any CPU.ActiveCfg = Debug|Any CPU
		{616DC123-4BB6-4050-B83B-67805440ADB3}.Debug|Any CPU.Build.0 = Debug|Any CPU
		{616DC123-4BB6-4050-B83B-67805440ADB3}.Release|Any CPU.ActiveCfg = Release|Any CPU
		{616DC123-4BB6-4050-B83B-67805440ADB3}.Release|Any CPU.Build.0 = Release|Any CPU
	EndGlobalSection
	GlobalSection(SolutionProperties) = preSolution
		HideSolutionNode = FALSE
	EndGlobalSection
	GlobalSection(ExtensibilityGlobals) = postSolution
		SolutionGuid = {D8817A67-7FBA-4794-8113-B114418C2EEF}
	EndGlobalSection
EndGlobal
